
Microsoft Visual Studio Solution File, Format Version 12.00
# Visual Studio Version 16
VisualStudioVersion = 16.0.30717.126
MinimumVisualStudioVersion = 10.0.40219.1
Project("{FAE04EC0-301F-11D3-BF4B-00C04F79EFBC}") = "Animation", "Animation\Animation.csproj", "{74AF5740-92D0-46C8-A6A8-E491C9CAEA95}"
EndProject
Global
	GlobalSection(SolutionConfigurationPlatforms) = preSolution
		Debug|Any CPU = Debug|Any CPU
		Release|Any CPU = Release|Any CPU
	EndGlobalSection
	GlobalSection(ProjectConfigurationPlatforms) = postSolution
		{74AF5740-92D0-46C8-A6A8-E491C9CAEA95}.Debug|Any CPU.ActiveCfg = Debug|Any CPU
		{74AF5740-92D0-46C8-A6A8-E491C9CAEA95}.Debug|Any CPU.Build.0 = Debug|Any CPU
		{74AF5740-92D0-46C8-A6A8-E491C9CAEA95}.Release|Any CPU.ActiveCfg = Release|Any CPU
		{74AF5740-92D0-46C8-A6A8-E491C9CAEA95}.Release|Any CPU.Build.0 = Release|Any CPU
	EndGlobalSection
	GlobalSection(SolutionProperties) = preSolution
		HideSolutionNode = FALSE
	EndGlobalSection
	GlobalSection(ExtensibilityGlobals) = postSolution
		SolutionGuid = {876E869C-294B-411E-A8F5-AD32DE0F2D82}
	EndGlobalSection
EndGlobal
