
Microsoft Visual Studio Solution File, Format Version 12.00
# Visual Studio Version 16
VisualStudioVersion = 16.0.30717.126
MinimumVisualStudioVersion = 10.0.40219.1
Project("{FAE04EC0-301F-11D3-BF4B-00C04F79EFBC}") = "LinearProgarms", "LinearPrograms\LinearProgarms.csproj", "{D26346CF-06D4-4CCF-BE42-9DFDE52AEADE}"
EndProject
Global
	GlobalSection(SolutionConfigurationPlatforms) = preSolution
		Debug|Any CPU = Debug|Any CPU
		Release|Any CPU = Release|Any CPU
	EndGlobalSection
	GlobalSection(ProjectConfigurationPlatforms) = postSolution
		{D26346CF-06D4-4CCF-BE42-9DFDE52AEADE}.Debug|Any CPU.ActiveCfg = Debug|Any CPU
		{D26346CF-06D4-4CCF-BE42-9DFDE52AEADE}.Debug|Any CPU.Build.0 = Debug|Any CPU
		{D26346CF-06D4-4CCF-BE42-9DFDE52AEADE}.Release|Any CPU.ActiveCfg = Release|Any CPU
		{D26346CF-06D4-4CCF-BE42-9DFDE52AEADE}.Release|Any CPU.Build.0 = Release|Any CPU
	EndGlobalSection
	GlobalSection(SolutionProperties) = preSolution
		HideSolutionNode = FALSE
	EndGlobalSection
	GlobalSection(ExtensibilityGlobals) = postSolution
		SolutionGuid = {A4291B2B-E280-4574-8B36-AEC2235D4A41}
	EndGlobalSection
EndGlobal
