
Microsoft Visual Studio Solution File, Format Version 12.00
# Visual Studio Version 16
VisualStudioVersion = 16.0.30717.126
MinimumVisualStudioVersion = 10.0.40219.1
Project("{9A19103F-16F7-4668-BE54-9A1E7A4F7556}") = "OneDimensional", "OneDimensional\OneDimensional.csproj", "{E61E07E0-D8DB-4F7D-BFDB-59CD72D585C0}"
EndProject
Global
	GlobalSection(SolutionConfigurationPlatforms) = preSolution
		Debug|Any CPU = Debug|Any CPU
		Release|Any CPU = Release|Any CPU
	EndGlobalSection
	GlobalSection(ProjectConfigurationPlatforms) = postSolution
		{E61E07E0-D8DB-4F7D-BFDB-59CD72D585C0}.Debug|Any CPU.ActiveCfg = Debug|Any CPU
		{E61E07E0-D8DB-4F7D-BFDB-59CD72D585C0}.Debug|Any CPU.Build.0 = Debug|Any CPU
		{E61E07E0-D8DB-4F7D-BFDB-59CD72D585C0}.Release|Any CPU.ActiveCfg = Release|Any CPU
		{E61E07E0-D8DB-4F7D-BFDB-59CD72D585C0}.Release|Any CPU.Build.0 = Release|Any CPU
	EndGlobalSection
	GlobalSection(SolutionProperties) = preSolution
		HideSolutionNode = FALSE
	EndGlobalSection
	GlobalSection(ExtensibilityGlobals) = postSolution
		SolutionGuid = {779853F4-E52D-47D6-A51D-3547963FAFAF}
	EndGlobalSection
EndGlobal
