
Microsoft Visual Studio Solution File, Format Version 12.00
# Visual Studio Version 16
VisualStudioVersion = 16.0.30717.126
MinimumVisualStudioVersion = 10.0.40219.1
Project("{FAE04EC0-301F-11D3-BF4B-00C04F79EFBC}") = "ForLoop", "ForLoop\ForLoop.csproj", "{C48388B9-9362-44CE-8F2C-6F49204ABDA4}"
EndProject
Global
	GlobalSection(SolutionConfigurationPlatforms) = preSolution
		Debug|Any CPU = Debug|Any CPU
		Release|Any CPU = Release|Any CPU
	EndGlobalSection
	GlobalSection(ProjectConfigurationPlatforms) = postSolution
		{C48388B9-9362-44CE-8F2C-6F49204ABDA4}.Debug|Any CPU.ActiveCfg = Debug|Any CPU
		{C48388B9-9362-44CE-8F2C-6F49204ABDA4}.Debug|Any CPU.Build.0 = Debug|Any CPU
		{C48388B9-9362-44CE-8F2C-6F49204ABDA4}.Release|Any CPU.ActiveCfg = Release|Any CPU
		{C48388B9-9362-44CE-8F2C-6F49204ABDA4}.Release|Any CPU.Build.0 = Release|Any CPU
	EndGlobalSection
	GlobalSection(SolutionProperties) = preSolution
		HideSolutionNode = FALSE
	EndGlobalSection
	GlobalSection(ExtensibilityGlobals) = postSolution
		SolutionGuid = {164FD0DE-583E-4692-908E-4E601FA19077}
	EndGlobalSection
EndGlobal
