
Microsoft Visual Studio Solution File, Format Version 12.00
# Visual Studio Version 16
VisualStudioVersion = 16.0.30717.126
MinimumVisualStudioVersion = 10.0.40219.1
Project("{FAE04EC0-301F-11D3-BF4B-00C04F79EFBC}") = "MDIApplication", "MDIApplication\MDIApplication.csproj", "{8ECE4876-6D47-48AF-87FF-BC4223D57974}"
EndProject
Global
	GlobalSection(SolutionConfigurationPlatforms) = preSolution
		Debug|Any CPU = Debug|Any CPU
		Release|Any CPU = Release|Any CPU
	EndGlobalSection
	GlobalSection(ProjectConfigurationPlatforms) = postSolution
		{8ECE4876-6D47-48AF-87FF-BC4223D57974}.Debug|Any CPU.ActiveCfg = Debug|Any CPU
		{8ECE4876-6D47-48AF-87FF-BC4223D57974}.Debug|Any CPU.Build.0 = Debug|Any CPU
		{8ECE4876-6D47-48AF-87FF-BC4223D57974}.Release|Any CPU.ActiveCfg = Release|Any CPU
		{8ECE4876-6D47-48AF-87FF-BC4223D57974}.Release|Any CPU.Build.0 = Release|Any CPU
	EndGlobalSection
	GlobalSection(SolutionProperties) = preSolution
		HideSolutionNode = FALSE
	EndGlobalSection
	GlobalSection(ExtensibilityGlobals) = postSolution
		SolutionGuid = {E72DE96D-77F0-430B-82AC-4E81176C064D}
	EndGlobalSection
EndGlobal
