
Microsoft Visual Studio Solution File, Format Version 12.00
# Visual Studio Version 16
VisualStudioVersion = 16.0.30717.126
MinimumVisualStudioVersion = 10.0.40219.1
Project("{9A19103F-16F7-4668-BE54-9A1E7A4F7556}") = "Generics", "Generics\Generics.csproj", "{4C9A431B-2B07-4918-8958-A53AC6E40ADD}"
EndProject
Global
	GlobalSection(SolutionConfigurationPlatforms) = preSolution
		Debug|Any CPU = Debug|Any CPU
		Release|Any CPU = Release|Any CPU
	EndGlobalSection
	GlobalSection(ProjectConfigurationPlatforms) = postSolution
		{4C9A431B-2B07-4918-8958-A53AC6E40ADD}.Debug|Any CPU.ActiveCfg = Debug|Any CPU
		{4C9A431B-2B07-4918-8958-A53AC6E40ADD}.Debug|Any CPU.Build.0 = Debug|Any CPU
		{4C9A431B-2B07-4918-8958-A53AC6E40ADD}.Release|Any CPU.ActiveCfg = Release|Any CPU
		{4C9A431B-2B07-4918-8958-A53AC6E40ADD}.Release|Any CPU.Build.0 = Release|Any CPU
	EndGlobalSection
	GlobalSection(SolutionProperties) = preSolution
		HideSolutionNode = FALSE
	EndGlobalSection
	GlobalSection(ExtensibilityGlobals) = postSolution
		SolutionGuid = {0706E34C-02FF-4711-8F97-5078AC2F1B63}
	EndGlobalSection
EndGlobal
