
Microsoft Visual Studio Solution File, Format Version 12.00
# Visual Studio Version 16
VisualStudioVersion = 16.0.30717.126
MinimumVisualStudioVersion = 10.0.40219.1
Project("{2150E333-8FDC-42A3-9474-1A3956D46DE8}") = "Solution Items", "Solution Items", "{E2CD19DB-7AC1-4A3A-A12E-8E6588643C56}"
	ProjectSection(SolutionItems) = preProject
		UserDialogs\UserDialogs.csproj = UserDialogs\UserDialogs.csproj
	EndProjectSection
EndProject
Project("{FAE04EC0-301F-11D3-BF4B-00C04F79EFBC}") = "UserDialogs", "UserDialogs\UserDialogs.csproj", "{8ECE4876-6D47-48AF-87FF-BC4223D57974}"
EndProject
Global
	GlobalSection(SolutionConfigurationPlatforms) = preSolution
		Debug|Any CPU = Debug|Any CPU
		Release|Any CPU = Release|Any CPU
	EndGlobalSection
	GlobalSection(ProjectConfigurationPlatforms) = postSolution
		{8ECE4876-6D47-48AF-87FF-BC4223D57974}.Debug|Any CPU.ActiveCfg = Debug|Any CPU
		{8ECE4876-6D47-48AF-87FF-BC4223D57974}.Debug|Any CPU.Build.0 = Debug|Any CPU
		{8ECE4876-6D47-48AF-87FF-BC4223D57974}.Release|Any CPU.ActiveCfg = Release|Any CPU
		{8ECE4876-6D47-48AF-87FF-BC4223D57974}.Release|Any CPU.Build.0 = Release|Any CPU
	EndGlobalSection
	GlobalSection(SolutionProperties) = preSolution
		HideSolutionNode = FALSE
	EndGlobalSection
	GlobalSection(ExtensibilityGlobals) = postSolution
		SolutionGuid = {2D866BBA-D60A-4CC7-B733-6395FD134370}
	EndGlobalSection
EndGlobal
