
Microsoft Visual Studio Solution File, Format Version 12.00
# Visual Studio Version 16
VisualStudioVersion = 16.0.30717.126
MinimumVisualStudioVersion = 10.0.40219.1
Project("{FAE04EC0-301F-11D3-BF4B-00C04F79EFBC}") = "Drawing", "Drawing\Drawing.csproj", "{5888A4B1-2EA3-4F52-A49B-F155F5CADF87}"
EndProject
Global
	GlobalSection(SolutionConfigurationPlatforms) = preSolution
		Debug|Any CPU = Debug|Any CPU
		Release|Any CPU = Release|Any CPU
	EndGlobalSection
	GlobalSection(ProjectConfigurationPlatforms) = postSolution
		{5888A4B1-2EA3-4F52-A49B-F155F5CADF87}.Debug|Any CPU.ActiveCfg = Debug|Any CPU
		{5888A4B1-2EA3-4F52-A49B-F155F5CADF87}.Debug|Any CPU.Build.0 = Debug|Any CPU
		{5888A4B1-2EA3-4F52-A49B-F155F5CADF87}.Release|Any CPU.ActiveCfg = Release|Any CPU
		{5888A4B1-2EA3-4F52-A49B-F155F5CADF87}.Release|Any CPU.Build.0 = Release|Any CPU
	EndGlobalSection
	GlobalSection(SolutionProperties) = preSolution
		HideSolutionNode = FALSE
	EndGlobalSection
	GlobalSection(ExtensibilityGlobals) = postSolution
		SolutionGuid = {0231C716-61A3-42F0-8E55-FCADC12F0A7B}
	EndGlobalSection
EndGlobal
