
Microsoft Visual Studio Solution File, Format Version 12.00
# Visual Studio Version 16
VisualStudioVersion = 16.0.30717.126
MinimumVisualStudioVersion = 10.0.40219.1
Project("{FAE04EC0-301F-11D3-BF4B-00C04F79EFBC}") = "ThreadSynchronization", "ThreadSynchronization\ThreadSynchronization.csproj", "{A04A2AC9-AA28-47AE-B6AF-3BEF2B413652}"
EndProject
Global
	GlobalSection(SolutionConfigurationPlatforms) = preSolution
		Debug|Any CPU = Debug|Any CPU
		Release|Any CPU = Release|Any CPU
	EndGlobalSection
	GlobalSection(ProjectConfigurationPlatforms) = postSolution
		{A04A2AC9-AA28-47AE-B6AF-3BEF2B413652}.Debug|Any CPU.ActiveCfg = Debug|Any CPU
		{A04A2AC9-AA28-47AE-B6AF-3BEF2B413652}.Debug|Any CPU.Build.0 = Debug|Any CPU
		{A04A2AC9-AA28-47AE-B6AF-3BEF2B413652}.Release|Any CPU.ActiveCfg = Release|Any CPU
		{A04A2AC9-AA28-47AE-B6AF-3BEF2B413652}.Release|Any CPU.Build.0 = Release|Any CPU
	EndGlobalSection
	GlobalSection(SolutionProperties) = preSolution
		HideSolutionNode = FALSE
	EndGlobalSection
	GlobalSection(ExtensibilityGlobals) = postSolution
		SolutionGuid = {3F1C0AFA-B5BA-48BA-919E-C98209565C2F}
	EndGlobalSection
EndGlobal
